// !$*UTF8*$!
{
	archiveVersion = 1;
	classes = {
	};
	objectVersion = 46;
	objects = {

/* Begin PBXBuildFile section */
		F87F909E1C957E3600B915A1 /* PhysicalValue.framework in Frameworks */ = {isa = PBXBuildFile; fileRef = F87F90931C957E3600B915A1 /* PhysicalValue.framework */; };
		F87F90B61C957F5800B915A1 /* AngleTests.swift in Sources */ = {isa = PBXBuildFile; fileRef = F87F90B51C957F5800B915A1 /* AngleTests.swift */; };
		F87F90C31C96331600B915A1 /* MathValue.swift in Sources */ = {isa = PBXBuildFile; fileRef = F87F90BC1C96331600B915A1 /* MathValue.swift */; };
		F87F90C41C96331600B915A1 /* PhysicalUnit.swift in Sources */ = {isa = PBXBuildFile; fileRef = F87F90BD1C96331600B915A1 /* PhysicalUnit.swift */; };
		F87F90C51C96331600B915A1 /* PhysicalValue.swift in Sources */ = {isa = PBXBuildFile; fileRef = F87F90BE1C96331600B915A1 /* PhysicalValue.swift */; };
		F87F90C61C96331600B915A1 /* Angle.swift in Sources */ = {isa = PBXBuildFile; fileRef = F87F90C01C96331600B915A1 /* Angle.swift */; };
		F87F90C71C96331600B915A1 /* Length.swift in Sources */ = {isa = PBXBuildFile; fileRef = F87F90C11C96331600B915A1 /* Length.swift */; };
		F87F90C81C96331600B915A1 /* Time.swift in Sources */ = {isa = PBXBuildFile; fileRef = F87F90C21C96331600B915A1 /* Time.swift */; };
		F87F90D81C96440000B915A1 /* PhysicalValue.framework in Frameworks */ = {isa = PBXBuildFile; fileRef = F87F90CE1C96440000B915A1 /* PhysicalValue.framework */; };
		F87F90E51C96446700B915A1 /* AngleTests.swift in Sources */ = {isa = PBXBuildFile; fileRef = F87F90B51C957F5800B915A1 /* AngleTests.swift */; };
		F87F90E61C96446B00B915A1 /* Time.swift in Sources */ = {isa = PBXBuildFile; fileRef = F87F90C21C96331600B915A1 /* Time.swift */; };
		F87F90E71C96447200B915A1 /* MathValue.swift in Sources */ = {isa = PBXBuildFile; fileRef = F87F90BC1C96331600B915A1 /* MathValue.swift */; };
		F87F90E81C96447200B915A1 /* PhysicalUnit.swift in Sources */ = {isa = PBXBuildFile; fileRef = F87F90BD1C96331600B915A1 /* PhysicalUnit.swift */; };
		F87F90E91C96447200B915A1 /* PhysicalValue.swift in Sources */ = {isa = PBXBuildFile; fileRef = F87F90BE1C96331600B915A1 /* PhysicalValue.swift */; };
		F87F90EA1C96447200B915A1 /* Angle.swift in Sources */ = {isa = PBXBuildFile; fileRef = F87F90C01C96331600B915A1 /* Angle.swift */; };
		F87F90EB1C96447200B915A1 /* Length.swift in Sources */ = {isa = PBXBuildFile; fileRef = F87F90C11C96331600B915A1 /* Length.swift */; };
/* End PBXBuildFile section */

/* Begin PBXContainerItemProxy section */
		F87F909F1C957E3600B915A1 /* PBXContainerItemProxy */ = {
			isa = PBXContainerItemProxy;
			containerPortal = F87F908A1C957E3600B915A1 /* Project object */;
			proxyType = 1;
			remoteGlobalIDString = F87F90921C957E3600B915A1;
			remoteInfo = PhysicalValue;
		};
		F87F90D91C96440000B915A1 /* PBXContainerItemProxy */ = {
			isa = PBXContainerItemProxy;
			containerPortal = F87F908A1C957E3600B915A1 /* Project object */;
			proxyType = 1;
			remoteGlobalIDString = F87F90CD1C96440000B915A1;
			remoteInfo = PhysicalValue;
		};
/* End PBXContainerItemProxy section */

/* Begin PBXFileReference section */
		F87F90931C957E3600B915A1 /* PhysicalValue.framework */ = {isa = PBXFileReference; explicitFileType = wrapper.framework; includeInIndex = 0; path = PhysicalValue.framework; sourceTree = BUILT_PRODUCTS_DIR; };
		F87F90981C957E3600B915A1 /* Info.plist */ = {isa = PBXFileReference; lastKnownFileType = text.plist.xml; path = Info.plist; sourceTree = "<group>"; };
		F87F909D1C957E3600B915A1 /* PhysicalValueTests_osx.xctest */ = {isa = PBXFileReference; explicitFileType = wrapper.cfbundle; includeInIndex = 0; path = PhysicalValueTests_osx.xctest; sourceTree = BUILT_PRODUCTS_DIR; };
		F87F90A41C957E3600B915A1 /* Info.plist */ = {isa = PBXFileReference; lastKnownFileType = text.plist.xml; path = Info.plist; sourceTree = "<group>"; };
		F87F90B51C957F5800B915A1 /* AngleTests.swift */ = {isa = PBXFileReference; fileEncoding = 4; lastKnownFileType = sourcecode.swift; path = AngleTests.swift; sourceTree = "<group>"; };
		F87F90BC1C96331600B915A1 /* MathValue.swift */ = {isa = PBXFileReference; fileEncoding = 4; lastKnownFileType = sourcecode.swift; path = MathValue.swift; sourceTree = "<group>"; };
		F87F90BD1C96331600B915A1 /* PhysicalUnit.swift */ = {isa = PBXFileReference; fileEncoding = 4; lastKnownFileType = sourcecode.swift; path = PhysicalUnit.swift; sourceTree = "<group>"; };
		F87F90BE1C96331600B915A1 /* PhysicalValue.swift */ = {isa = PBXFileReference; fileEncoding = 4; lastKnownFileType = sourcecode.swift; path = PhysicalValue.swift; sourceTree = "<group>"; };
		F87F90C01C96331600B915A1 /* Angle.swift */ = {isa = PBXFileReference; fileEncoding = 4; lastKnownFileType = sourcecode.swift; path = Angle.swift; sourceTree = "<group>"; };
		F87F90C11C96331600B915A1 /* Length.swift */ = {isa = PBXFileReference; fileEncoding = 4; lastKnownFileType = sourcecode.swift; path = Length.swift; sourceTree = "<group>"; };
		F87F90C21C96331600B915A1 /* Time.swift */ = {isa = PBXFileReference; fileEncoding = 4; lastKnownFileType = sourcecode.swift; path = Time.swift; sourceTree = "<group>"; };
		F87F90CE1C96440000B915A1 /* PhysicalValue.framework */ = {isa = PBXFileReference; explicitFileType = wrapper.framework; includeInIndex = 0; path = PhysicalValue.framework; sourceTree = BUILT_PRODUCTS_DIR; };
		F87F90D71C96440000B915A1 /* PhysicalValueTests_ios.xctest */ = {isa = PBXFileReference; explicitFileType = wrapper.cfbundle; includeInIndex = 0; path = PhysicalValueTests_ios.xctest; sourceTree = BUILT_PRODUCTS_DIR; };
/* End PBXFileReference section */

/* Begin PBXFrameworksBuildPhase section */
		F87F908F1C957E3600B915A1 /* Frameworks */ = {
			isa = PBXFrameworksBuildPhase;
			buildActionMask = 2147483647;
			files = (
			);
			runOnlyForDeploymentPostprocessing = 0;
		};
		F87F909A1C957E3600B915A1 /* Frameworks */ = {
			isa = PBXFrameworksBuildPhase;
			buildActionMask = 2147483647;
			files = (
				F87F909E1C957E3600B915A1 /* PhysicalValue.framework in Frameworks */,
			);
			runOnlyForDeploymentPostprocessing = 0;
		};
		F87F90CA1C96440000B915A1 /* Frameworks */ = {
			isa = PBXFrameworksBuildPhase;
			buildActionMask = 2147483647;
			files = (
			);
			runOnlyForDeploymentPostprocessing = 0;
		};
		F87F90D41C96440000B915A1 /* Frameworks */ = {
			isa = PBXFrameworksBuildPhase;
			buildActionMask = 2147483647;
			files = (
				F87F90D81C96440000B915A1 /* PhysicalValue.framework in Frameworks */,
			);
			runOnlyForDeploymentPostprocessing = 0;
		};
/* End PBXFrameworksBuildPhase section */

/* Begin PBXGroup section */
		F87F90891C957E3600B915A1 = {
			isa = PBXGroup;
			children = (
				F87F90951C957E3600B915A1 /* PhysicalValue */,
				F87F90A11C957E3600B915A1 /* PhysicalValueTests */,
				F87F90941C957E3600B915A1 /* Products */,
			);
			sourceTree = "<group>";
		};
		F87F90941C957E3600B915A1 /* Products */ = {
			isa = PBXGroup;
			children = (
				F87F90931C957E3600B915A1 /* PhysicalValue.framework */,
				F87F909D1C957E3600B915A1 /* PhysicalValueTests_osx.xctest */,
				F87F90CE1C96440000B915A1 /* PhysicalValue.framework */,
				F87F90D71C96440000B915A1 /* PhysicalValueTests_ios.xctest */,
			);
			name = Products;
			sourceTree = "<group>";
		};
		F87F90951C957E3600B915A1 /* PhysicalValue */ = {
			isa = PBXGroup;
			children = (
				F87F90BB1C96331600B915A1 /* Base */,
				F87F90BF1C96331600B915A1 /* Types */,
				F87F90981C957E3600B915A1 /* Info.plist */,
			);
			path = PhysicalValue;
			sourceTree = "<group>";
		};
		F87F90A11C957E3600B915A1 /* PhysicalValueTests */ = {
			isa = PBXGroup;
			children = (
				F87F90A41C957E3600B915A1 /* Info.plist */,
				F87F90B51C957F5800B915A1 /* AngleTests.swift */,
			);
			path = PhysicalValueTests;
			sourceTree = "<group>";
		};
		F87F90BB1C96331600B915A1 /* Base */ = {
			isa = PBXGroup;
			children = (
				F87F90BC1C96331600B915A1 /* MathValue.swift */,
				F87F90BD1C96331600B915A1 /* PhysicalUnit.swift */,
				F87F90BE1C96331600B915A1 /* PhysicalValue.swift */,
			);
			path = Base;
			sourceTree = "<group>";
		};
		F87F90BF1C96331600B915A1 /* Types */ = {
			isa = PBXGroup;
			children = (
				F87F90C01C96331600B915A1 /* Angle.swift */,
				F87F90C11C96331600B915A1 /* Length.swift */,
				F87F90C21C96331600B915A1 /* Time.swift */,
			);
			path = Types;
			sourceTree = "<group>";
		};
/* End PBXGroup section */

/* Begin PBXHeadersBuildPhase section */
		F87F90901C957E3600B915A1 /* Headers */ = {
			isa = PBXHeadersBuildPhase;
			buildActionMask = 2147483647;
			files = (
			);
			runOnlyForDeploymentPostprocessing = 0;
		};
		F87F90CB1C96440000B915A1 /* Headers */ = {
			isa = PBXHeadersBuildPhase;
			buildActionMask = 2147483647;
			files = (
			);
			runOnlyForDeploymentPostprocessing = 0;
		};
/* End PBXHeadersBuildPhase section */

/* Begin PBXNativeTarget section */
		F87F90921C957E3600B915A1 /* PhysicalValue_osx */ = {
			isa = PBXNativeTarget;
			buildConfigurationList = F87F90A71C957E3600B915A1 /* Build configuration list for PBXNativeTarget "PhysicalValue_osx" */;
			buildPhases = (
				F87F908E1C957E3600B915A1 /* Sources */,
				F87F908F1C957E3600B915A1 /* Frameworks */,
				F87F90901C957E3600B915A1 /* Headers */,
				F87F90911C957E3600B915A1 /* Resources */,
			);
			buildRules = (
			);
			dependencies = (
			);
			name = PhysicalValue_osx;
			productName = PhysicalValue;
			productReference = F87F90931C957E3600B915A1 /* PhysicalValue.framework */;
			productType = "com.apple.product-type.framework";
		};
		F87F909C1C957E3600B915A1 /* PhysicalValueTests_osx */ = {
			isa = PBXNativeTarget;
			buildConfigurationList = F87F90AA1C957E3600B915A1 /* Build configuration list for PBXNativeTarget "PhysicalValueTests_osx" */;
			buildPhases = (
				F87F90991C957E3600B915A1 /* Sources */,
				F87F909A1C957E3600B915A1 /* Frameworks */,
				F87F909B1C957E3600B915A1 /* Resources */,
			);
			buildRules = (
			);
			dependencies = (
				F87F90A01C957E3600B915A1 /* PBXTargetDependency */,
			);
			name = PhysicalValueTests_osx;
			productName = PhysicalValueTests;
			productReference = F87F909D1C957E3600B915A1 /* PhysicalValueTests_osx.xctest */;
			productType = "com.apple.product-type.bundle.unit-test";
		};
		F87F90CD1C96440000B915A1 /* PhysicalValue_ios */ = {
			isa = PBXNativeTarget;
			buildConfigurationList = F87F90DF1C96440000B915A1 /* Build configuration list for PBXNativeTarget "PhysicalValue_ios" */;
			buildPhases = (
				F87F90C91C96440000B915A1 /* Sources */,
				F87F90CA1C96440000B915A1 /* Frameworks */,
				F87F90CB1C96440000B915A1 /* Headers */,
				F87F90CC1C96440000B915A1 /* Resources */,
			);
			buildRules = (
			);
			dependencies = (
			);
			name = PhysicalValue_ios;
			productName = PhysicalValue;
			productReference = F87F90CE1C96440000B915A1 /* PhysicalValue.framework */;
			productType = "com.apple.product-type.framework";
		};
		F87F90D61C96440000B915A1 /* PhysicalValueTests_ios */ = {
			isa = PBXNativeTarget;
			buildConfigurationList = F87F90E21C96440000B915A1 /* Build configuration list for PBXNativeTarget "PhysicalValueTests_ios" */;
			buildPhases = (
				F87F90D31C96440000B915A1 /* Sources */,
				F87F90D41C96440000B915A1 /* Frameworks */,
				F87F90D51C96440000B915A1 /* Resources */,
			);
			buildRules = (
			);
			dependencies = (
				F87F90DA1C96440000B915A1 /* PBXTargetDependency */,
			);
			name = PhysicalValueTests_ios;
			productName = PhysicalValueTests;
			productReference = F87F90D71C96440000B915A1 /* PhysicalValueTests_ios.xctest */;
			productType = "com.apple.product-type.bundle.unit-test";
		};
/* End PBXNativeTarget section */

/* Begin PBXProject section */
		F87F908A1C957E3600B915A1 /* Project object */ = {
			isa = PBXProject;
			attributes = {
				LastSwiftUpdateCheck = 0730;
				LastUpgradeCheck = 0730;
				ORGANIZATIONNAME = "Anton Mironov";
				TargetAttributes = {
					F87F90921C957E3600B915A1 = {
						CreatedOnToolsVersion = 7.3;
					};
					F87F909C1C957E3600B915A1 = {
						CreatedOnToolsVersion = 7.3;
					};
					F87F90CD1C96440000B915A1 = {
						CreatedOnToolsVersion = 7.3;
					};
					F87F90D61C96440000B915A1 = {
						CreatedOnToolsVersion = 7.3;
					};
				};
			};
			buildConfigurationList = F87F908D1C957E3600B915A1 /* Build configuration list for PBXProject "PhysicalValue" */;
			compatibilityVersion = "Xcode 3.2";
			developmentRegion = English;
			hasScannedForEncodings = 0;
			knownRegions = (
				en,
			);
			mainGroup = F87F90891C957E3600B915A1;
			productRefGroup = F87F90941C957E3600B915A1 /* Products */;
			projectDirPath = "";
			projectRoot = "";
			targets = (
				F87F90921C957E3600B915A1 /* PhysicalValue_osx */,
				F87F909C1C957E3600B915A1 /* PhysicalValueTests_osx */,
				F87F90CD1C96440000B915A1 /* PhysicalValue_ios */,
				F87F90D61C96440000B915A1 /* PhysicalValueTests_ios */,
			);
		};
/* End PBXProject section */

/* Begin PBXResourcesBuildPhase section */
		F87F90911C957E3600B915A1 /* Resources */ = {
			isa = PBXResourcesBuildPhase;
			buildActionMask = 2147483647;
			files = (
			);
			runOnlyForDeploymentPostprocessing = 0;
		};
		F87F909B1C957E3600B915A1 /* Resources */ = {
			isa = PBXResourcesBuildPhase;
			buildActionMask = 2147483647;
			files = (
			);
			runOnlyForDeploymentPostprocessing = 0;
		};
		F87F90CC1C96440000B915A1 /* Resources */ = {
			isa = PBXResourcesBuildPhase;
			buildActionMask = 2147483647;
			files = (
			);
			runOnlyForDeploymentPostprocessing = 0;
		};
		F87F90D51C96440000B915A1 /* Resources */ = {
			isa = PBXResourcesBuildPhase;
			buildActionMask = 2147483647;
			files = (
			);
			runOnlyForDeploymentPostprocessing = 0;
		};
/* End PBXResourcesBuildPhase section */

/* Begin PBXSourcesBuildPhase section */
		F87F908E1C957E3600B915A1 /* Sources */ = {
			isa = PBXSourcesBuildPhase;
			buildActionMask = 2147483647;
			files = (
				F87F90C81C96331600B915A1 /* Time.swift in Sources */,
				F87F90C41C96331600B915A1 /* PhysicalUnit.swift in Sources */,
				F87F90C61C96331600B915A1 /* Angle.swift in Sources */,
				F87F90C71C96331600B915A1 /* Length.swift in Sources */,
				F87F90C51C96331600B915A1 /* PhysicalValue.swift in Sources */,
				F87F90C31C96331600B915A1 /* MathValue.swift in Sources */,
			);
			runOnlyForDeploymentPostprocessing = 0;
		};
		F87F90991C957E3600B915A1 /* Sources */ = {
			isa = PBXSourcesBuildPhase;
			buildActionMask = 2147483647;
			files = (
				F87F90B61C957F5800B915A1 /* AngleTests.swift in Sources */,
			);
			runOnlyForDeploymentPostprocessing = 0;
		};
		F87F90C91C96440000B915A1 /* Sources */ = {
			isa = PBXSourcesBuildPhase;
			buildActionMask = 2147483647;
			files = (
				F87F90E91C96447200B915A1 /* PhysicalValue.swift in Sources */,
				F87F90EB1C96447200B915A1 /* Length.swift in Sources */,
				F87F90EA1C96447200B915A1 /* Angle.swift in Sources */,
				F87F90E61C96446B00B915A1 /* Time.swift in Sources */,
				F87F90E81C96447200B915A1 /* PhysicalUnit.swift in Sources */,
				F87F90E71C96447200B915A1 /* MathValue.swift in Sources */,
			);
			runOnlyForDeploymentPostprocessing = 0;
		};
		F87F90D31C96440000B915A1 /* Sources */ = {
			isa = PBXSourcesBuildPhase;
			buildActionMask = 2147483647;
			files = (
				F87F90E51C96446700B915A1 /* AngleTests.swift in Sources */,
			);
			runOnlyForDeploymentPostprocessing = 0;
		};
/* End PBXSourcesBuildPhase section */

/* Begin PBXTargetDependency section */
		F87F90A01C957E3600B915A1 /* PBXTargetDependency */ = {
			isa = PBXTargetDependency;
			target = F87F90921C957E3600B915A1 /* PhysicalValue_osx */;
			targetProxy = F87F909F1C957E3600B915A1 /* PBXContainerItemProxy */;
		};
		F87F90DA1C96440000B915A1 /* PBXTargetDependency */ = {
			isa = PBXTargetDependency;
			target = F87F90CD1C96440000B915A1 /* PhysicalValue_ios */;
			targetProxy = F87F90D91C96440000B915A1 /* PBXContainerItemProxy */;
		};
/* End PBXTargetDependency section */

/* Begin XCBuildConfiguration section */
		F87F90A51C957E3600B915A1 /* Debug */ = {
			isa = XCBuildConfiguration;
			buildSettings = {
				ALWAYS_SEARCH_USER_PATHS = NO;
				CLANG_ANALYZER_NONNULL = YES;
				CLANG_CXX_LANGUAGE_STANDARD = "gnu++0x";
				CLANG_CXX_LIBRARY = "libc++";
				CLANG_ENABLE_MODULES = YES;
				CLANG_ENABLE_OBJC_ARC = YES;
				CLANG_WARN_BOOL_CONVERSION = YES;
				CLANG_WARN_CONSTANT_CONVERSION = YES;
				CLANG_WARN_DIRECT_OBJC_ISA_USAGE = YES_ERROR;
				CLANG_WARN_EMPTY_BODY = YES;
				CLANG_WARN_ENUM_CONVERSION = YES;
				CLANG_WARN_INT_CONVERSION = YES;
				CLANG_WARN_OBJC_ROOT_CLASS = YES_ERROR;
				CLANG_WARN_UNREACHABLE_CODE = YES;
				CLANG_WARN__DUPLICATE_METHOD_MATCH = YES;
				CODE_SIGN_IDENTITY = "-";
				COPY_PHASE_STRIP = NO;
				CURRENT_PROJECT_VERSION = 1;
				DEBUG_INFORMATION_FORMAT = dwarf;
				ENABLE_STRICT_OBJC_MSGSEND = YES;
				ENABLE_TESTABILITY = YES;
				GCC_C_LANGUAGE_STANDARD = gnu99;
				GCC_DYNAMIC_NO_PIC = NO;
				GCC_NO_COMMON_BLOCKS = YES;
				GCC_OPTIMIZATION_LEVEL = 0;
				GCC_PREPROCESSOR_DEFINITIONS = (
					"DEBUG=1",
					"$(inherited)",
				);
				GCC_WARN_64_TO_32_BIT_CONVERSION = YES;
				GCC_WARN_ABOUT_RETURN_TYPE = YES_ERROR;
				GCC_WARN_UNDECLARED_SELECTOR = YES;
				GCC_WARN_UNINITIALIZED_AUTOS = YES_AGGRESSIVE;
				GCC_WARN_UNUSED_FUNCTION = YES;
				GCC_WARN_UNUSED_VARIABLE = YES;
				MACOSX_DEPLOYMENT_TARGET = 10.11;
				MTL_ENABLE_DEBUG_INFO = YES;
				ONLY_ACTIVE_ARCH = YES;
				SDKROOT = macosx;
				SWIFT_OPTIMIZATION_LEVEL = "-Onone";
				VERSIONING_SYSTEM = "apple-generic";
				VERSION_INFO_PREFIX = "";
			};
			name = Debug;
		};
		F87F90A61C957E3600B915A1 /* Release */ = {
			isa = XCBuildConfiguration;
			buildSettings = {
				ALWAYS_SEARCH_USER_PATHS = NO;
				CLANG_ANALYZER_NONNULL = YES;
				CLANG_CXX_LANGUAGE_STANDARD = "gnu++0x";
				CLANG_CXX_LIBRARY = "libc++";
				CLANG_ENABLE_MODULES = YES;
				CLANG_ENABLE_OBJC_ARC = YES;
				CLANG_WARN_BOOL_CONVERSION = YES;
				CLANG_WARN_CONSTANT_CONVERSION = YES;
				CLANG_WARN_DIRECT_OBJC_ISA_USAGE = YES_ERROR;
				CLANG_WARN_EMPTY_BODY = YES;
				CLANG_WARN_ENUM_CONVERSION = YES;
				CLANG_WARN_INT_CONVERSION = YES;
				CLANG_WARN_OBJC_ROOT_CLASS = YES_ERROR;
				CLANG_WARN_UNREACHABLE_CODE = YES;
				CLANG_WARN__DUPLICATE_METHOD_MATCH = YES;
				CODE_SIGN_IDENTITY = "-";
				COPY_PHASE_STRIP = NO;
				CURRENT_PROJECT_VERSION = 1;
				DEBUG_INFORMATION_FORMAT = "dwarf-with-dsym";
				ENABLE_NS_ASSERTIONS = NO;
				ENABLE_STRICT_OBJC_MSGSEND = YES;
				GCC_C_LANGUAGE_STANDARD = gnu99;
				GCC_NO_COMMON_BLOCKS = YES;
				GCC_WARN_64_TO_32_BIT_CONVERSION = YES;
				GCC_WARN_ABOUT_RETURN_TYPE = YES_ERROR;
				GCC_WARN_UNDECLARED_SELECTOR = YES;
				GCC_WARN_UNINITIALIZED_AUTOS = YES_AGGRESSIVE;
				GCC_WARN_UNUSED_FUNCTION = YES;
				GCC_WARN_UNUSED_VARIABLE = YES;
				MACOSX_DEPLOYMENT_TARGET = 10.11;
				MTL_ENABLE_DEBUG_INFO = NO;
				SDKROOT = macosx;
				VERSIONING_SYSTEM = "apple-generic";
				VERSION_INFO_PREFIX = "";
			};
			name = Release;
		};
		F87F90A81C957E3600B915A1 /* Debug */ = {
			isa = XCBuildConfiguration;
			buildSettings = {
				CLANG_ENABLE_MODULES = YES;
				COMBINE_HIDPI_IMAGES = YES;
				DEFINES_MODULE = YES;
				DYLIB_COMPATIBILITY_VERSION = 1;
				DYLIB_CURRENT_VERSION = 1;
				DYLIB_INSTALL_NAME_BASE = "@rpath";
				FRAMEWORK_VERSION = A;
				INFOPLIST_FILE = PhysicalValue/Info.plist;
				INSTALL_PATH = "$(LOCAL_LIBRARY_DIR)/Frameworks";
				LD_RUNPATH_SEARCH_PATHS = "$(inherited) @executable_path/../Frameworks @loader_path/Frameworks";
				PRODUCT_BUNDLE_IDENTIFIER = com.antonvmironov.PhysicalValue;
				PRODUCT_NAME = PhysicalValue;
				SKIP_INSTALL = YES;
				SWIFT_OPTIMIZATION_LEVEL = "-Onone";
			};
			name = Debug;
		};
		F87F90A91C957E3600B915A1 /* Release */ = {
			isa = XCBuildConfiguration;
			buildSettings = {
				CLANG_ENABLE_MODULES = YES;
				COMBINE_HIDPI_IMAGES = YES;
				DEFINES_MODULE = YES;
				DYLIB_COMPATIBILITY_VERSION = 1;
				DYLIB_CURRENT_VERSION = 1;
				DYLIB_INSTALL_NAME_BASE = "@rpath";
				FRAMEWORK_VERSION = A;
				INFOPLIST_FILE = PhysicalValue/Info.plist;
				INSTALL_PATH = "$(LOCAL_LIBRARY_DIR)/Frameworks";
				LD_RUNPATH_SEARCH_PATHS = "$(inherited) @executable_path/../Frameworks @loader_path/Frameworks";
				PRODUCT_BUNDLE_IDENTIFIER = com.antonvmironov.PhysicalValue;
				PRODUCT_NAME = PhysicalValue;
				SKIP_INSTALL = YES;
			};
			name = Release;
		};
		F87F90AB1C957E3600B915A1 /* Debug */ = {
			isa = XCBuildConfiguration;
			buildSettings = {
				CLANG_ENABLE_MODULES = YES;
				COMBINE_HIDPI_IMAGES = YES;
				INFOPLIST_FILE = PhysicalValueTests/Info.plist;
				LD_RUNPATH_SEARCH_PATHS = "$(inherited) @executable_path/../Frameworks @loader_path/../Frameworks";
				PRODUCT_BUNDLE_IDENTIFIER = com.antonvmironov.PhysicalValueTests;
				PRODUCT_NAME = "$(TARGET_NAME)";
				SWIFT_OPTIMIZATION_LEVEL = "-Onone";
			};
			name = Debug;
		};
		F87F90AC1C957E3600B915A1 /* Release */ = {
			isa = XCBuildConfiguration;
			buildSettings = {
				CLANG_ENABLE_MODULES = YES;
				COMBINE_HIDPI_IMAGES = YES;
				INFOPLIST_FILE = PhysicalValueTests/Info.plist;
				LD_RUNPATH_SEARCH_PATHS = "$(inherited) @executable_path/../Frameworks @loader_path/../Frameworks";
				PRODUCT_BUNDLE_IDENTIFIER = com.antonvmironov.PhysicalValueTests;
				PRODUCT_NAME = "$(TARGET_NAME)";
			};
			name = Release;
		};
		F87F90E01C96440000B915A1 /* Debug */ = {
			isa = XCBuildConfiguration;
			buildSettings = {
				"CODE_SIGN_IDENTITY[sdk=iphoneos*]" = "iPhone Developer";
				DEFINES_MODULE = YES;
				DYLIB_COMPATIBILITY_VERSION = 1;
				DYLIB_CURRENT_VERSION = 1;
				DYLIB_INSTALL_NAME_BASE = "@rpath";
				INFOPLIST_FILE = PhysicalValue/Info.plist;
				INSTALL_PATH = "$(LOCAL_LIBRARY_DIR)/Frameworks";
				IPHONEOS_DEPLOYMENT_TARGET = 9.3;
				LD_RUNPATH_SEARCH_PATHS = "$(inherited) @executable_path/Frameworks @loader_path/Frameworks";
				PRODUCT_BUNDLE_IDENTIFIER = com.antonvmironov.PhysicalValue;
				PRODUCT_NAME = PhysicalValue;
				SDKROOT = iphoneos;
				SKIP_INSTALL = YES;
				TARGETED_DEVICE_FAMILY = "1,2";
			};
			name = Debug;
		};
		F87F90E11C96440000B915A1 /* Release */ = {
			isa = XCBuildConfiguration;
			buildSettings = {
				"CODE_SIGN_IDENTITY[sdk=iphoneos*]" = "iPhone Developer";
				DEFINES_MODULE = YES;
				DYLIB_COMPATIBILITY_VERSION = 1;
				DYLIB_CURRENT_VERSION = 1;
				DYLIB_INSTALL_NAME_BASE = "@rpath";
				INFOPLIST_FILE = PhysicalValue/Info.plist;
				INSTALL_PATH = "$(LOCAL_LIBRARY_DIR)/Frameworks";
				IPHONEOS_DEPLOYMENT_TARGET = 9.3;
				LD_RUNPATH_SEARCH_PATHS = "$(inherited) @executable_path/Frameworks @loader_path/Frameworks";
				PRODUCT_BUNDLE_IDENTIFIER = com.antonvmironov.PhysicalValue;
				PRODUCT_NAME = PhysicalValue;
				SDKROOT = iphoneos;
				SKIP_INSTALL = YES;
				TARGETED_DEVICE_FAMILY = "1,2";
				VALIDATE_PRODUCT = YES;
			};
			name = Release;
		};
		F87F90E31C96440000B915A1 /* Debug */ = {
			isa = XCBuildConfiguration;
			buildSettings = {
				"CODE_SIGN_IDENTITY[sdk=iphoneos*]" = "iPhone Developer";
				INFOPLIST_FILE = PhysicalValueTests/Info.plist;
				IPHONEOS_DEPLOYMENT_TARGET = 9.3;
				LD_RUNPATH_SEARCH_PATHS = "$(inherited) @executable_path/Frameworks @loader_path/Frameworks";
				PRODUCT_BUNDLE_IDENTIFIER = com.antonvmironov.PhysicalValueTests;
				PRODUCT_NAME = "$(TARGET_NAME)";
				SDKROOT = iphoneos;
			};
			name = Debug;
		};
		F87F90E41C96440000B915A1 /* Release */ = {
			isa = XCBuildConfiguration;
			buildSettings = {
				"CODE_SIGN_IDENTITY[sdk=iphoneos*]" = "iPhone Developer";
				INFOPLIST_FILE = PhysicalValueTests/Info.plist;
				IPHONEOS_DEPLOYMENT_TARGET = 9.3;
				LD_RUNPATH_SEARCH_PATHS = "$(inherited) @executable_path/Frameworks @loader_path/Frameworks";
				PRODUCT_BUNDLE_IDENTIFIER = com.antonvmironov.PhysicalValueTests;
				PRODUCT_NAME = "$(TARGET_NAME)";
				SDKROOT = iphoneos;
				VALIDATE_PRODUCT = YES;
			};
			name = Release;
		};
/* End XCBuildConfiguration section */

/* Begin XCConfigurationList section */
		F87F908D1C957E3600B915A1 /* Build configuration list for PBXProject "PhysicalValue" */ = {
			isa = XCConfigurationList;
			buildConfigurations = (
				F87F90A51C957E3600B915A1 /* Debug */,
				F87F90A61C957E3600B915A1 /* Release */,
			);
			defaultConfigurationIsVisible = 0;
			defaultConfigurationName = Release;
		};
		F87F90A71C957E3600B915A1 /* Build configuration list for PBXNativeTarget "PhysicalValue_osx" */ = {
			isa = XCConfigurationList;
			buildConfigurations = (
				F87F90A81C957E3600B915A1 /* Debug */,
				F87F90A91C957E3600B915A1 /* Release */,
			);
			defaultConfigurationIsVisible = 0;
			defaultConfigurationName = Release;
		};
		F87F90AA1C957E3600B915A1 /* Build configuration list for PBXNativeTarget "PhysicalValueTests_osx" */ = {
			isa = XCConfigurationList;
			buildConfigurations = (
				F87F90AB1C957E3600B915A1 /* Debug */,
				F87F90AC1C957E3600B915A1 /* Release */,
			);
			defaultConfigurationIsVisible = 0;
			defaultConfigurationName = Release;
		};
		F87F90DF1C96440000B915A1 /* Build configuration list for PBXNativeTarget "PhysicalValue_ios" */ = {
			isa = XCConfigurationList;
			buildConfigurations = (
				F87F90E01C96440000B915A1 /* Debug */,
				F87F90E11C96440000B915A1 /* Release */,
			);
			defaultConfigurationIsVisible = 0;
		};
		F87F90E21C96440000B915A1 /* Build configuration list for PBXNativeTarget "PhysicalValueTests_ios" */ = {
			isa = XCConfigurationList;
			buildConfigurations = (
				F87F90E31C96440000B915A1 /* Debug */,
				F87F90E41C96440000B915A1 /* Release */,
			);
			defaultConfigurationIsVisible = 0;
		};
/* End XCConfigurationList section */
	};
	rootObject = F87F908A1C957E3600B915A1 /* Project object */;
}
